{
  "name": "@flashp-dev/exec",
  "version": "1.0.3",
  "lockfileVersion": 3,
  "requires": true,
  "packages": {
    "": {
      "name": "@flashp-dev/exec",
      "version": "1.0.3",
      "license": "ISC",
      "dependencies": {
        "@flashp-dev/get-npm-info": "file:../../utils/get-npm-info",
        "@flashp-dev/log": "file:../../utils/log",
        "@flashp-dev/package": "file:../../models/package"
      }
    },
    "../../models/package": {
      "name": "@flashp-dev/package",
      "version": "1.0.3",
      "license": "ISC",
      "dependencies": {
        "@flashp-dev/get-npm-info": "file:../../utils/get-npm-info",
        "fs-extra": "^11.2.0",
        "npminstall": "^7.12.0",
        "path-exists": "^3.0.0",
        "pkg-dir": "^5.0.0"
      }
    },
    "../../utils/get-npm-info": {
      "version": "1.0.3",
      "license": "ISC",
      "dependencies": {
        "axios": "^1.6.8",
        "semver": "^7.6.0",
        "url-join": "^3.0.0"
      }
    },
    "../../utils/log": {
      "name": "@flashp-dev/log",
      "version": "1.0.3",
      "license": "ISC",
      "dependencies": {
        "npmlog": "^7.0.1"
      }
    },
    "models/package": {
      "extraneous": true
    },
    "node_modules/@flashp-dev/get-npm-info": {
      "resolved": "../../utils/get-npm-info",
      "link": true
    },
    "node_modules/@flashp-dev/log": {
      "resolved": "../../utils/log",
      "link": true
    },
    "node_modules/@flashp-dev/package": {
      "resolved": "../../models/package",
      "link": true
    }
  }
}
